// !$*UTF8*$!
{
	archiveVersion = 1;
	classes = {
	};
	objectVersion = 50;
	objects = {

/* Begin PBXBuildFile section */
		2731C103266458400025CC14 /* TestView.swift in Sources */ = {isa = PBXBuildFile; fileRef = 2731C102266458400025CC14 /* TestView.swift */; };
		2731C10A266466820025CC14 /* Earth.scn in Resources */ = {isa = PBXBuildFile; fileRef = 2731C109266466820025CC14 /* Earth.scn */; };
		27A70FDB265F02AA009C78F0 /* FastSpaceApp.swift in Sources */ = {isa = PBXBuildFile; fileRef = 27A70FDA265F02AA009C78F0 /* FastSpaceApp.swift */; };
		27A70FDD265F02AA009C78F0 /* ContentView.swift in Sources */ = {isa = PBXBuildFile; fileRef = 27A70FDC265F02AA009C78F0 /* ContentView.swift */; };
		27A70FDF265F02AC009C78F0 /* Assets.xcassets in Resources */ = {isa = PBXBuildFile; fileRef = 27A70FDE265F02AC009C78F0 /* Assets.xcassets */; };
		27A70FE2265F02AC009C78F0 /* Preview Assets.xcassets in Resources */ = {isa = PBXBuildFile; fileRef = 27A70FE1265F02AC009C78F0 /* Preview Assets.xcassets */; };
		27A70FEB265F03E6009C78F0 /* MotionSpaceView.swift in Sources */ = {isa = PBXBuildFile; fileRef = 27A70FEA265F03E6009C78F0 /* MotionSpaceView.swift */; };
		27A70FF2265F17B6009C78F0 /* video.json in Resources */ = {isa = PBXBuildFile; fileRef = 27A70FEF265F17B5009C78F0 /* video.json */; };
		27A70FF3265F17B6009C78F0 /* covers.json in Resources */ = {isa = PBXBuildFile; fileRef = 27A70FF0265F17B5009C78F0 /* covers.json */; };
		27A70FF4265F17B6009C78F0 /* planets.json in Resources */ = {isa = PBXBuildFile; fileRef = 27A70FF1265F17B6009C78F0 /* planets.json */; };
		27A70FFB265F1A24009C78F0 /* MainView.swift in Sources */ = {isa = PBXBuildFile; fileRef = 27A70FFA265F1A24009C78F0 /* MainView.swift */; };
		27A70FFE265F1A42009C78F0 /* VideoListView.swift in Sources */ = {isa = PBXBuildFile; fileRef = 27A70FFD265F1A42009C78F0 /* VideoListView.swift */; };
		27A71001265F1A4D009C78F0 /* GameView.swift in Sources */ = {isa = PBXBuildFile; fileRef = 27A71000265F1A4D009C78F0 /* GameView.swift */; };
		27A71004265F1A67009C78F0 /* GalleryView.swift in Sources */ = {isa = PBXBuildFile; fileRef = 27A71003265F1A67009C78F0 /* GalleryView.swift */; };
		27A71008265F2B90009C78F0 /* CoverImageView.swift in Sources */ = {isa = PBXBuildFile; fileRef = 27A71007265F2B90009C78F0 /* CoverImageView.swift */; };
		27A7100C265F2CCA009C78F0 /* CoverImageModel.swift in Sources */ = {isa = PBXBuildFile; fileRef = 27A7100B265F2CCA009C78F0 /* CoverImageModel.swift */; };
		27A71011265F2D4D009C78F0 /* CodableBundleExtention.swift in Sources */ = {isa = PBXBuildFile; fileRef = 27A71010265F2D4D009C78F0 /* CodableBundleExtention.swift */; };
		27DB406B265F45BE000A37F9 /* PlanetDetailView.swift in Sources */ = {isa = PBXBuildFile; fileRef = 27DB406A265F45BE000A37F9 /* PlanetDetailView.swift */; };
		27DB406E265F4606000A37F9 /* PlanetModel.swift in Sources */ = {isa = PBXBuildFile; fileRef = 27DB406D265F4606000A37F9 /* PlanetModel.swift */; };
		27DB4071265F46E4000A37F9 /* PlanetListItemView.swift in Sources */ = {isa = PBXBuildFile; fileRef = 27DB4070265F46E4000A37F9 /* PlanetListItemView.swift */; };
		27DB4076265F4B27000A37F9 /* Constants.swift in Sources */ = {isa = PBXBuildFile; fileRef = 27DB4075265F4B27000A37F9 /* Constants.swift */; };
		27DB4079265F53DB000A37F9 /* HeadingView.swift in Sources */ = {isa = PBXBuildFile; fileRef = 27DB4078265F53DB000A37F9 /* HeadingView.swift */; };
		27DB407C265F5539000A37F9 /* InsetGalleryView.swift in Sources */ = {isa = PBXBuildFile; fileRef = 27DB407B265F5539000A37F9 /* InsetGalleryView.swift */; };
		27FC4129265FEBD000F95B47 /* InsetFactView.swift in Sources */ = {isa = PBXBuildFile; fileRef = 27FC4128265FEBD000F95B47 /* InsetFactView.swift */; };
		27FC412C265FEDF400F95B47 /* ExternalWebLinkView.swift in Sources */ = {isa = PBXBuildFile; fileRef = 27FC412B265FEDF400F95B47 /* ExternalWebLinkView.swift */; };
/* End PBXBuildFile section */

/* Begin PBXFileReference section */
		2731C102266458400025CC14 /* TestView.swift */ = {isa = PBXFileReference; lastKnownFileType = sourcecode.swift; path = TestView.swift; sourceTree = "<group>"; };
		2731C109266466820025CC14 /* Earth.scn */ = {isa = PBXFileReference; lastKnownFileType = file.bplist; path = Earth.scn; sourceTree = "<group>"; };
		27A70FD7265F02AA009C78F0 /* FastSpace.app */ = {isa = PBXFileReference; explicitFileType = wrapper.application; includeInIndex = 0; path = FastSpace.app; sourceTree = BUILT_PRODUCTS_DIR; };
		27A70FDA265F02AA009C78F0 /* FastSpaceApp.swift */ = {isa = PBXFileReference; lastKnownFileType = sourcecode.swift; path = FastSpaceApp.swift; sourceTree = "<group>"; };
		27A70FDC265F02AA009C78F0 /* ContentView.swift */ = {isa = PBXFileReference; lastKnownFileType = sourcecode.swift; path = ContentView.swift; sourceTree = "<group>"; };
		27A70FDE265F02AC009C78F0 /* Assets.xcassets */ = {isa = PBXFileReference; lastKnownFileType = folder.assetcatalog; path = Assets.xcassets; sourceTree = "<group>"; };
		27A70FE1265F02AC009C78F0 /* Preview Assets.xcassets */ = {isa = PBXFileReference; lastKnownFileType = folder.assetcatalog; path = "Preview Assets.xcassets"; sourceTree = "<group>"; };
		27A70FE3265F02AC009C78F0 /* Info.plist */ = {isa = PBXFileReference; lastKnownFileType = text.plist.xml; path = Info.plist; sourceTree = "<group>"; };
		27A70FEA265F03E6009C78F0 /* MotionSpaceView.swift */ = {isa = PBXFileReference; lastKnownFileType = sourcecode.swift; path = MotionSpaceView.swift; sourceTree = "<group>"; };
		27A70FEF265F17B5009C78F0 /* video.json */ = {isa = PBXFileReference; fileEncoding = 4; lastKnownFileType = text.json; path = video.json; sourceTree = "<group>"; };
		27A70FF0265F17B5009C78F0 /* covers.json */ = {isa = PBXFileReference; fileEncoding = 4; lastKnownFileType = text.json; path = covers.json; sourceTree = "<group>"; };
		27A70FF1265F17B6009C78F0 /* planets.json */ = {isa = PBXFileReference; fileEncoding = 4; lastKnownFileType = text.json; path = planets.json; sourceTree = "<group>"; };
		27A70FFA265F1A24009C78F0 /* MainView.swift */ = {isa = PBXFileReference; lastKnownFileType = sourcecode.swift; path = MainView.swift; sourceTree = "<group>"; };
		27A70FFD265F1A42009C78F0 /* VideoListView.swift */ = {isa = PBXFileReference; lastKnownFileType = sourcecode.swift; path = VideoListView.swift; sourceTree = "<group>"; };
		27A71000265F1A4D009C78F0 /* GameView.swift */ = {isa = PBXFileReference; lastKnownFileType = sourcecode.swift; path = GameView.swift; sourceTree = "<group>"; };
		27A71003265F1A67009C78F0 /* GalleryView.swift */ = {isa = PBXFileReference; lastKnownFileType = sourcecode.swift; path = GalleryView.swift; sourceTree = "<group>"; };
		27A71007265F2B90009C78F0 /* CoverImageView.swift */ = {isa = PBXFileReference; lastKnownFileType = sourcecode.swift; path = CoverImageView.swift; sourceTree = "<group>"; };
		27A7100B265F2CCA009C78F0 /* CoverImageModel.swift */ = {isa = PBXFileReference; lastKnownFileType = sourcecode.swift; path = CoverImageModel.swift; sourceTree = "<group>"; };
		27A71010265F2D4D009C78F0 /* CodableBundleExtention.swift */ = {isa = PBXFileReference; lastKnownFileType = sourcecode.swift; path = CodableBundleExtention.swift; sourceTree = "<group>"; };
		27DB406A265F45BE000A37F9 /* PlanetDetailView.swift */ = {isa = PBXFileReference; lastKnownFileType = sourcecode.swift; path = PlanetDetailView.swift; sourceTree = "<group>"; };
		27DB406D265F4606000A37F9 /* PlanetModel.swift */ = {isa = PBXFileReference; lastKnownFileType = sourcecode.swift; path = PlanetModel.swift; sourceTree = "<group>"; };
		27DB4070265F46E4000A37F9 /* PlanetListItemView.swift */ = {isa = PBXFileReference; lastKnownFileType = sourcecode.swift; path = PlanetListItemView.swift; sourceTree = "<group>"; };
		27DB4075265F4B27000A37F9 /* Constants.swift */ = {isa = PBXFileReference; lastKnownFileType = sourcecode.swift; path = Constants.swift; sourceTree = "<group>"; };
		27DB4078265F53DB000A37F9 /* HeadingView.swift */ = {isa = PBXFileReference; lastKnownFileType = sourcecode.swift; path = HeadingView.swift; sourceTree = "<group>"; };
		27DB407B265F5539000A37F9 /* InsetGalleryView.swift */ = {isa = PBXFileReference; lastKnownFileType = sourcecode.swift; path = InsetGalleryView.swift; sourceTree = "<group>"; };
		27FC4128265FEBD000F95B47 /* InsetFactView.swift */ = {isa = PBXFileReference; lastKnownFileType = sourcecode.swift; path = InsetFactView.swift; sourceTree = "<group>"; };
		27FC412B265FEDF400F95B47 /* ExternalWebLinkView.swift */ = {isa = PBXFileReference; lastKnownFileType = sourcecode.swift; path = ExternalWebLinkView.swift; sourceTree = "<group>"; };
/* End PBXFileReference section */

/* Begin PBXFrameworksBuildPhase section */
		27A70FD4265F02AA009C78F0 /* Frameworks */ = {
			isa = PBXFrameworksBuildPhase;
			buildActionMask = 2147483647;
			files = (
			);
			runOnlyForDeploymentPostprocessing = 0;
		};
/* End PBXFrameworksBuildPhase section */

/* Begin PBXGroup section */
		2731C105266459260025CC14 /* Objects */ = {
			isa = PBXGroup;
			children = (
				2731C109266466820025CC14 /* Earth.scn */,
			);
			path = Objects;
			sourceTree = "<group>";
		};
		27A70FCE265F02A9009C78F0 = {
			isa = PBXGroup;
			children = (
				27A70FD9265F02AA009C78F0 /* FastSpace */,
				27A70FD8265F02AA009C78F0 /* Products */,
			);
			sourceTree = "<group>";
		};
		27A70FD8265F02AA009C78F0 /* Products */ = {
			isa = PBXGroup;
			children = (
				27A70FD7265F02AA009C78F0 /* FastSpace.app */,
			);
			name = Products;
			sourceTree = "<group>";
		};
		27A70FD9265F02AA009C78F0 /* FastSpace */ = {
			isa = PBXGroup;
			children = (
				2731C105266459260025CC14 /* Objects */,
				27DB4074265F4B18000A37F9 /* Constants */,
				27A7100F265F2D3C009C78F0 /* Extention */,
				27A7100A265F2CB3009C78F0 /* Model */,
				27A70FF7265F198C009C78F0 /* View */,
				27A70FEE265F17AB009C78F0 /* Data */,
				27A70FED265F1797009C78F0 /* Video */,
				27A70FF8265F19A0009C78F0 /* App */,
				27A70FDE265F02AC009C78F0 /* Assets.xcassets */,
				27A70FE3265F02AC009C78F0 /* Info.plist */,
				27A70FE0265F02AC009C78F0 /* Preview Content */,
			);
			path = FastSpace;
			sourceTree = "<group>";
		};
		27A70FE0265F02AC009C78F0 /* Preview Content */ = {
			isa = PBXGroup;
			children = (
				27A70FE1265F02AC009C78F0 /* Preview Assets.xcassets */,
			);
			path = "Preview Content";
			sourceTree = "<group>";
		};
		27A70FED265F1797009C78F0 /* Video */ = {
			isa = PBXGroup;
			children = (
			);
			path = Video;
			sourceTree = "<group>";
		};
		27A70FEE265F17AB009C78F0 /* Data */ = {
			isa = PBXGroup;
			children = (
				27A70FF0265F17B5009C78F0 /* covers.json */,
				27A70FF1265F17B6009C78F0 /* planets.json */,
				27A70FEF265F17B5009C78F0 /* video.json */,
			);
			path = Data;
			sourceTree = "<group>";
		};
		27A70FF7265F198C009C78F0 /* View */ = {
			isa = PBXGroup;
			children = (
				27A70FEA265F03E6009C78F0 /* MotionSpaceView.swift */,
				27A71007265F2B90009C78F0 /* CoverImageView.swift */,
				27DB406A265F45BE000A37F9 /* PlanetDetailView.swift */,
				27DB4070265F46E4000A37F9 /* PlanetListItemView.swift */,
				27DB4078265F53DB000A37F9 /* HeadingView.swift */,
				27DB407B265F5539000A37F9 /* InsetGalleryView.swift */,
				27FC4128265FEBD000F95B47 /* InsetFactView.swift */,
				27FC412B265FEDF400F95B47 /* ExternalWebLinkView.swift */,
			);
			path = View;
			sourceTree = "<group>";
		};
		27A70FF8265F19A0009C78F0 /* App */ = {
			isa = PBXGroup;
			children = (
				27A70FDA265F02AA009C78F0 /* FastSpaceApp.swift */,
				27A70FDC265F02AA009C78F0 /* ContentView.swift */,
				27A71000265F1A4D009C78F0 /* GameView.swift */,
				27A70FFD265F1A42009C78F0 /* VideoListView.swift */,
				27A71003265F1A67009C78F0 /* GalleryView.swift */,
				27A70FFA265F1A24009C78F0 /* MainView.swift */,
				2731C102266458400025CC14 /* TestView.swift */,
			);
			path = App;
			sourceTree = "<group>";
		};
		27A7100A265F2CB3009C78F0 /* Model */ = {
			isa = PBXGroup;
			children = (
				27A7100B265F2CCA009C78F0 /* CoverImageModel.swift */,
				27DB406D265F4606000A37F9 /* PlanetModel.swift */,
			);
			path = Model;
			sourceTree = "<group>";
		};
		27A7100F265F2D3C009C78F0 /* Extention */ = {
			isa = PBXGroup;
			children = (
				27A71010265F2D4D009C78F0 /* CodableBundleExtention.swift */,
			);
			path = Extention;
			sourceTree = "<group>";
		};
		27DB4074265F4B18000A37F9 /* Constants */ = {
			isa = PBXGroup;
			children = (
				27DB4075265F4B27000A37F9 /* Constants.swift */,
			);
			path = Constants;
			sourceTree = "<group>";
		};
/* End PBXGroup section */

/* Begin PBXNativeTarget section */
		27A70FD6265F02AA009C78F0 /* FastSpace */ = {
			isa = PBXNativeTarget;
			buildConfigurationList = 27A70FE6265F02AC009C78F0 /* Build configuration list for PBXNativeTarget "FastSpace" */;
			buildPhases = (
				27A70FD3265F02AA009C78F0 /* Sources */,
				27A70FD4265F02AA009C78F0 /* Frameworks */,
				27A70FD5265F02AA009C78F0 /* Resources */,
			);
			buildRules = (
			);
			dependencies = (
			);
			name = FastSpace;
			productName = FastSpace;
			productReference = 27A70FD7265F02AA009C78F0 /* FastSpace.app */;
			productType = "com.apple.product-type.application";
		};
/* End PBXNativeTarget section */

/* Begin PBXProject section */
		27A70FCF265F02A9009C78F0 /* Project object */ = {
			isa = PBXProject;
			attributes = {
				LastSwiftUpdateCheck = 1240;
				LastUpgradeCheck = 1240;
				TargetAttributes = {
					27A70FD6265F02AA009C78F0 = {
						CreatedOnToolsVersion = 12.4;
					};
				};
			};
			buildConfigurationList = 27A70FD2265F02A9009C78F0 /* Build configuration list for PBXProject "FastSpace" */;
			compatibilityVersion = "Xcode 9.3";
			developmentRegion = en;
			hasScannedForEncodings = 0;
			knownRegions = (
				en,
				Base,
			);
			mainGroup = 27A70FCE265F02A9009C78F0;
			productRefGroup = 27A70FD8265F02AA009C78F0 /* Products */;
			projectDirPath = "";
			projectRoot = "";
			targets = (
				27A70FD6265F02AA009C78F0 /* FastSpace */,
			);
		};
/* End PBXProject section */

/* Begin PBXResourcesBuildPhase section */
		27A70FD5265F02AA009C78F0 /* Resources */ = {
			isa = PBXResourcesBuildPhase;
			buildActionMask = 2147483647;
			files = (
				27A70FE2265F02AC009C78F0 /* Preview Assets.xcassets in Resources */,
				27A70FF4265F17B6009C78F0 /* planets.json in Resources */,
				27A70FF3265F17B6009C78F0 /* covers.json in Resources */,
				27A70FF2265F17B6009C78F0 /* video.json in Resources */,
				2731C10A266466820025CC14 /* Earth.scn in Resources */,
				27A70FDF265F02AC009C78F0 /* Assets.xcassets in Resources */,
			);
			runOnlyForDeploymentPostprocessing = 0;
		};
/* End PBXResourcesBuildPhase section */

/* Begin PBXSourcesBuildPhase section */
		27A70FD3265F02AA009C78F0 /* Sources */ = {
			isa = PBXSourcesBuildPhase;
			buildActionMask = 2147483647;
			files = (
				27A71004265F1A67009C78F0 /* GalleryView.swift in Sources */,
				27DB4079265F53DB000A37F9 /* HeadingView.swift in Sources */,
				27A70FFE265F1A42009C78F0 /* VideoListView.swift in Sources */,
				27A70FEB265F03E6009C78F0 /* MotionSpaceView.swift in Sources */,
				27DB4071265F46E4000A37F9 /* PlanetListItemView.swift in Sources */,
				27A70FFB265F1A24009C78F0 /* MainView.swift in Sources */,
				27A7100C265F2CCA009C78F0 /* CoverImageModel.swift in Sources */,
				27FC4129265FEBD000F95B47 /* InsetFactView.swift in Sources */,
				27DB406E265F4606000A37F9 /* PlanetModel.swift in Sources */,
				27A71011265F2D4D009C78F0 /* CodableBundleExtention.swift in Sources */,
				27FC412C265FEDF400F95B47 /* ExternalWebLinkView.swift in Sources */,
				27A71008265F2B90009C78F0 /* CoverImageView.swift in Sources */,
				27A70FDD265F02AA009C78F0 /* ContentView.swift in Sources */,
				27A71001265F1A4D009C78F0 /* GameView.swift in Sources */,
				27DB4076265F4B27000A37F9 /* Constants.swift in Sources */,
				2731C103266458400025CC14 /* TestView.swift in Sources */,
				27A70FDB265F02AA009C78F0 /* FastSpaceApp.swift in Sources */,
				27DB406B265F45BE000A37F9 /* PlanetDetailView.swift in Sources */,
				27DB407C265F5539000A37F9 /* InsetGalleryView.swift in Sources */,
			);
			runOnlyForDeploymentPostprocessing = 0;
		};
/* End PBXSourcesBuildPhase section */

/* Begin XCBuildConfiguration section */
		27A70FE4265F02AC009C78F0 /* Debug */ = {
			isa = XCBuildConfiguration;
			buildSettings = {
				ALWAYS_SEARCH_USER_PATHS = NO;
				CLANG_ANALYZER_NONNULL = YES;
				CLANG_ANALYZER_NUMBER_OBJECT_CONVERSION = YES_AGGRESSIVE;
				CLANG_CXX_LANGUAGE_STANDARD = "gnu++14";
				CLANG_CXX_LIBRARY = "libc++";
				CLANG_ENABLE_MODULES = YES;
				CLANG_ENABLE_OBJC_ARC = YES;
				CLANG_ENABLE_OBJC_WEAK = YES;
				CLANG_WARN_BLOCK_CAPTURE_AUTORELEASING = YES;
				CLANG_WARN_BOOL_CONVERSION = YES;
				CLANG_WARN_COMMA = YES;
				CLANG_WARN_CONSTANT_CONVERSION = YES;
				CLANG_WARN_DEPRECATED_OBJC_IMPLEMENTATIONS = YES;
				CLANG_WARN_DIRECT_OBJC_ISA_USAGE = YES_ERROR;
				CLANG_WARN_DOCUMENTATION_COMMENTS = YES;
				CLANG_WARN_EMPTY_BODY = YES;
				CLANG_WARN_ENUM_CONVERSION = YES;
				CLANG_WARN_INFINITE_RECURSION = YES;
				CLANG_WARN_INT_CONVERSION = YES;
				CLANG_WARN_NON_LITERAL_NULL_CONVERSION = YES;
				CLANG_WARN_OBJC_IMPLICIT_RETAIN_SELF = YES;
				CLANG_WARN_OBJC_LITERAL_CONVERSION = YES;
				CLANG_WARN_OBJC_ROOT_CLASS = YES_ERROR;
				CLANG_WARN_QUOTED_INCLUDE_IN_FRAMEWORK_HEADER = YES;
				CLANG_WARN_RANGE_LOOP_ANALYSIS = YES;
				CLANG_WARN_STRICT_PROTOTYPES = YES;
				CLANG_WARN_SUSPICIOUS_MOVE = YES;
				CLANG_WARN_UNGUARDED_AVAILABILITY = YES_AGGRESSIVE;
				CLANG_WARN_UNREACHABLE_CODE = YES;
				CLANG_WARN__DUPLICATE_METHOD_MATCH = YES;
				COPY_PHASE_STRIP = NO;
				DEBUG_INFORMATION_FORMAT = dwarf;
				ENABLE_STRICT_OBJC_MSGSEND = YES;
				ENABLE_TESTABILITY = YES;
				GCC_C_LANGUAGE_STANDARD = gnu11;
				GCC_DYNAMIC_NO_PIC = NO;
				GCC_NO_COMMON_BLOCKS = YES;
				GCC_OPTIMIZATION_LEVEL = 0;
				GCC_PREPROCESSOR_DEFINITIONS = (
					"DEBUG=1",
					"$(inherited)",
				);
				GCC_WARN_64_TO_32_BIT_CONVERSION = YES;
				GCC_WARN_ABOUT_RETURN_TYPE = YES_ERROR;
				GCC_WARN_UNDECLARED_SELECTOR = YES;
				GCC_WARN_UNINITIALIZED_AUTOS = YES_AGGRESSIVE;
				GCC_WARN_UNUSED_FUNCTION = YES;
				GCC_WARN_UNUSED_VARIABLE = YES;
				IPHONEOS_DEPLOYMENT_TARGET = 14.4;
				MTL_ENABLE_DEBUG_INFO = INCLUDE_SOURCE;
				MTL_FAST_MATH = YES;
				ONLY_ACTIVE_ARCH = YES;
				SDKROOT = iphoneos;
				SWIFT_ACTIVE_COMPILATION_CONDITIONS = DEBUG;
				SWIFT_OPTIMIZATION_LEVEL = "-Onone";
			};
			name = Debug;
		};
		27A70FE5265F02AC009C78F0 /* Release */ = {
			isa = XCBuildConfiguration;
			buildSettings = {
				ALWAYS_SEARCH_USER_PATHS = NO;
				CLANG_ANALYZER_NONNULL = YES;
				CLANG_ANALYZER_NUMBER_OBJECT_CONVERSION = YES_AGGRESSIVE;
				CLANG_CXX_LANGUAGE_STANDARD = "gnu++14";
				CLANG_CXX_LIBRARY = "libc++";
				CLANG_ENABLE_MODULES = YES;
				CLANG_ENABLE_OBJC_ARC = YES;
				CLANG_ENABLE_OBJC_WEAK = YES;
				CLANG_WARN_BLOCK_CAPTURE_AUTORELEASING = YES;
				CLANG_WARN_BOOL_CONVERSION = YES;
				CLANG_WARN_COMMA = YES;
				CLANG_WARN_CONSTANT_CONVERSION = YES;
				CLANG_WARN_DEPRECATED_OBJC_IMPLEMENTATIONS = YES;
				CLANG_WARN_DIRECT_OBJC_ISA_USAGE = YES_ERROR;
				CLANG_WARN_DOCUMENTATION_COMMENTS = YES;
				CLANG_WARN_EMPTY_BODY = YES;
				CLANG_WARN_ENUM_CONVERSION = YES;
				CLANG_WARN_INFINITE_RECURSION = YES;
				CLANG_WARN_INT_CONVERSION = YES;
				CLANG_WARN_NON_LITERAL_NULL_CONVERSION = YES;
				CLANG_WARN_OBJC_IMPLICIT_RETAIN_SELF = YES;
				CLANG_WARN_OBJC_LITERAL_CONVERSION = YES;
				CLANG_WARN_OBJC_ROOT_CLASS = YES_ERROR;
				CLANG_WARN_QUOTED_INCLUDE_IN_FRAMEWORK_HEADER = YES;
				CLANG_WARN_RANGE_LOOP_ANALYSIS = YES;
				CLANG_WARN_STRICT_PROTOTYPES = YES;
				CLANG_WARN_SUSPICIOUS_MOVE = YES;
				CLANG_WARN_UNGUARDED_AVAILABILITY = YES_AGGRESSIVE;
				CLANG_WARN_UNREACHABLE_CODE = YES;
				CLANG_WARN__DUPLICATE_METHOD_MATCH = YES;
				COPY_PHASE_STRIP = NO;
				DEBUG_INFORMATION_FORMAT = "dwarf-with-dsym";
				ENABLE_NS_ASSERTIONS = NO;
				ENABLE_STRICT_OBJC_MSGSEND = YES;
				GCC_C_LANGUAGE_STANDARD = gnu11;
				GCC_NO_COMMON_BLOCKS = YES;
				GCC_WARN_64_TO_32_BIT_CONVERSION = YES;
				GCC_WARN_ABOUT_RETURN_TYPE = YES_ERROR;
				GCC_WARN_UNDECLARED_SELECTOR = YES;
				GCC_WARN_UNINITIALIZED_AUTOS = YES_AGGRESSIVE;
				GCC_WARN_UNUSED_FUNCTION = YES;
				GCC_WARN_UNUSED_VARIABLE = YES;
				IPHONEOS_DEPLOYMENT_TARGET = 14.4;
				MTL_ENABLE_DEBUG_INFO = NO;
				MTL_FAST_MATH = YES;
				SDKROOT = iphoneos;
				SWIFT_COMPILATION_MODE = wholemodule;
				SWIFT_OPTIMIZATION_LEVEL = "-O";
				VALIDATE_PRODUCT = YES;
			};
			name = Release;
		};
		27A70FE7265F02AC009C78F0 /* Debug */ = {
			isa = XCBuildConfiguration;
			buildSettings = {
				ASSETCATALOG_COMPILER_APPICON_NAME = AppIcon;
				ASSETCATALOG_COMPILER_GLOBAL_ACCENT_COLOR_NAME = AccentColor;
				CODE_SIGN_STYLE = Automatic;
				DEVELOPMENT_ASSET_PATHS = "\"FastSpace/Preview Content\"";
				DEVELOPMENT_TEAM = KPPGXZ3Y59;
				ENABLE_PREVIEWS = YES;
				INFOPLIST_FILE = FastSpace/Info.plist;
				IPHONEOS_DEPLOYMENT_TARGET = 14.0;
				LD_RUNPATH_SEARCH_PATHS = (
					"$(inherited)",
					"@executable_path/Frameworks",
				);
				PRODUCT_BUNDLE_IDENTIFIER = com.layunta.FastSpace;
				PRODUCT_NAME = "$(TARGET_NAME)";
				SWIFT_VERSION = 5.0;
				TARGETED_DEVICE_FAMILY = "1,2";
			};
			name = Debug;
		};
		27A70FE8265F02AC009C78F0 /* Release */ = {
			isa = XCBuildConfiguration;
			buildSettings = {
				ASSETCATALOG_COMPILER_APPICON_NAME = AppIcon;
				ASSETCATALOG_COMPILER_GLOBAL_ACCENT_COLOR_NAME = AccentColor;
				CODE_SIGN_STYLE = Automatic;
				DEVELOPMENT_ASSET_PATHS = "\"FastSpace/Preview Content\"";
				DEVELOPMENT_TEAM = KPPGXZ3Y59;
				ENABLE_PREVIEWS = YES;
				INFOPLIST_FILE = FastSpace/Info.plist;
				IPHONEOS_DEPLOYMENT_TARGET = 14.0;
				LD_RUNPATH_SEARCH_PATHS = (
					"$(inherited)",
					"@executable_path/Frameworks",
				);
				PRODUCT_BUNDLE_IDENTIFIER = com.layunta.FastSpace;
				PRODUCT_NAME = "$(TARGET_NAME)";
				SWIFT_VERSION = 5.0;
				TARGETED_DEVICE_FAMILY = "1,2";
			};
			name = Release;
		};
/* End XCBuildConfiguration section */

/* Begin XCConfigurationList section */
		27A70FD2265F02A9009C78F0 /* Build configuration list for PBXProject "FastSpace" */ = {
			isa = XCConfigurationList;
			buildConfigurations = (
				27A70FE4265F02AC009C78F0 /* Debug */,
				27A70FE5265F02AC009C78F0 /* Release */,
			);
			defaultConfigurationIsVisible = 0;
			defaultConfigurationName = Release;
		};
		27A70FE6265F02AC009C78F0 /* Build configuration list for PBXNativeTarget "FastSpace" */ = {
			isa = XCConfigurationList;
			buildConfigurations = (
				27A70FE7265F02AC009C78F0 /* Debug */,
				27A70FE8265F02AC009C78F0 /* Release */,
			);
			defaultConfigurationIsVisible = 0;
			defaultConfigurationName = Release;
		};
/* End XCConfigurationList section */
	};
	rootObject = 27A70FCF265F02A9009C78F0 /* Project object */;
}
